
Microsoft Visual Studio Solution File, Format Version 12.00
# Visual Studio Version 17
VisualStudioVersion = 17.2.32519.379
MinimumVisualStudioVersion = 10.0.40219.1
Project("{FAE04EC0-301F-11D3-BF4B-00C04F79EFBC}") = "TaskManager", "TaskManager\TaskManager.csproj", "{0A0F3BCD-C6C1-4D9D-81A3-F4195A57D565}"
EndProject
Global
	GlobalSection(SolutionConfigurationPlatforms) = preSolution
		Debug|Any CPU = Debug|Any CPU
		Release|Any CPU = Release|Any CPU
	EndGlobalSection
	GlobalSection(ProjectConfigurationPlatforms) = postSolution
		{0A0F3BCD-C6C1-4D9D-81A3-F4195A57D565}.Debug|Any CPU.ActiveCfg = Debug|Any CPU
		{0A0F3BCD-C6C1-4D9D-81A3-F4195A57D565}.Debug|Any CPU.Build.0 = Debug|Any CPU
		{0A0F3BCD-C6C1-4D9D-81A3-F4195A57D565}.Release|Any CPU.ActiveCfg = Release|Any CPU
		{0A0F3BCD-C6C1-4D9D-81A3-F4195A57D565}.Release|Any CPU.Build.0 = Release|Any CPU
	EndGlobalSection
	GlobalSection(SolutionProperties) = preSolution
		HideSolutionNode = FALSE
	EndGlobalSection
	GlobalSection(ExtensibilityGlobals) = postSolution
		SolutionGuid = {D54DCED2-A378-4B13-9907-46CFC5B3249D}
	EndGlobalSection
EndGlobal
